
Microsoft Visual Studio Solution File, Format Version 12.00
# Visual Studio 15
VisualStudioVersion = 15.0.27428.2015
MinimumVisualStudioVersion = 10.0.40219.1
Project("{9A19103F-16F7-4668-BE54-9A1E7A4F7556}") = "LightGBMSharp", "LightGBM\LightGBMSharp.csproj", "{2142E380-7981-4F2C-9213-ED647E4E6CBE}"
EndProject
Project("{FAE04EC0-301F-11D3-BF4B-00C04F79EFBC}") = "Examples", "Example\Examples.csproj", "{33A19F4F-E805-433F-AD95-634C385C8888}"
EndProject
Global
	GlobalSection(SolutionConfigurationPlatforms) = preSolution
		Debug|Any CPU = Debug|Any CPU
		Release|Any CPU = Release|Any CPU
	EndGlobalSection
	GlobalSection(ProjectConfigurationPlatforms) = postSolution
		{2142E380-7981-4F2C-9213-ED647E4E6CBE}.Debug|Any CPU.ActiveCfg = Debug|Any CPU
		{2142E380-7981-4F2C-9213-ED647E4E6CBE}.Debug|Any CPU.Build.0 = Debug|Any CPU
		{2142E380-7981-4F2C-9213-ED647E4E6CBE}.Release|Any CPU.ActiveCfg = Release|Any CPU
		{2142E380-7981-4F2C-9213-ED647E4E6CBE}.Release|Any CPU.Build.0 = Release|Any CPU
		{33A19F4F-E805-433F-AD95-634C385C8888}.Debug|Any CPU.ActiveCfg = Debug|Any CPU
		{33A19F4F-E805-433F-AD95-634C385C8888}.Debug|Any CPU.Build.0 = Debug|Any CPU
		{33A19F4F-E805-433F-AD95-634C385C8888}.Release|Any CPU.ActiveCfg = Release|Any CPU
		{33A19F4F-E805-433F-AD95-634C385C8888}.Release|Any CPU.Build.0 = Release|Any CPU
	EndGlobalSection
	GlobalSection(SolutionProperties) = preSolution
		HideSolutionNode = FALSE
	EndGlobalSection
	GlobalSection(ExtensibilityGlobals) = postSolution
		SolutionGuid = {63482920-2CA3-4FB4-A21F-940A660EE45D}
	EndGlobalSection
EndGlobal
